
{
  "name": "stock-trader",
  "version": "0.1.0",
  "lockfileVersion": 1,
  "requires": true,
  "dependencies": {
    "@babel/code-frame": {
      "version": "7.10.3",
      "resolved": "https://registry.npmjs.org/@babel/code-frame/-/code-frame-7.10.3.tgz",
      "integrity": "sha512-fDx9eNW0qz0WkUeqL6tXEXzVlPh6Y5aCDEZesl0xBGA8ndRukX91Uk44ZqnkECp01NAZUdCAl+aiQNGi0k88Eg==",
      "dev": true,
      "requires": {
        "@babel/highlight": "^7.10.3"
      }
    },
    "@babel/compat-data": {
      "version": "7.10.3",
      "resolved": "https://registry.npmjs.org/@babel/compat-data/-/compat-data-7.10.3.tgz",
      "integrity": "sha512-BDIfJ9uNZuI0LajPfoYV28lX8kyCPMHY6uY4WH1lJdcicmAfxCK5ASzaeV0D/wsUaRH/cLk+amuxtC37sZ8TUg==",
      "dev": true,
      "requires": {
        "browserslist": "^4.12.0",
        "invariant": "^2.2.4",
        "semver": "^5.5.0"
      }
    },
    "@babel/core": {
      "version": "7.10.3",
      "resolved": "https://registry.npmjs.org/@babel/core/-/core-7.10.3.tgz",
      "integrity": "sha512-5YqWxYE3pyhIi84L84YcwjeEgS+fa7ZjK6IBVGTjDVfm64njkR2lfDhVR5OudLk8x2GK59YoSyVv+L/03k1q9w==",
      "dev": true,
      "requires": {
        "@babel/code-frame": "^7.10.3",